
Microsoft Visual Studio Solution File, Format Version 12.00
# Visual Studio Version 16
VisualStudioVersion = 16.0.31205.134
MinimumVisualStudioVersion = 10.0.40219.1
Project("{FAE04EC0-301F-11D3-BF4B-00C04F79EFBC}") = "AYGOCM Core", "AYGOCM Core\AYGOCM Core.csproj", "{97B4A16A-A17C-4ED0-8ECD-158166BBB11F}"
EndProject
Global
	GlobalSection(SolutionConfigurationPlatforms) = preSolution
		Debug|Any CPU = Debug|Any CPU
		Release|Any CPU = Release|Any CPU
	EndGlobalSection
	GlobalSection(ProjectConfigurationPlatforms) = postSolution
		{97B4A16A-A17C-4ED0-8ECD-158166BBB11F}.Debug|Any CPU.ActiveCfg = Debug|Any CPU
		{97B4A16A-A17C-4ED0-8ECD-158166BBB11F}.Debug|Any CPU.Build.0 = Debug|Any CPU
		{97B4A16A-A17C-4ED0-8ECD-158166BBB11F}.Release|Any CPU.ActiveCfg = Release|Any CPU
		{97B4A16A-A17C-4ED0-8ECD-158166BBB11F}.Release|Any CPU.Build.0 = Release|Any CPU
	EndGlobalSection
	GlobalSection(SolutionProperties) = preSolution
		HideSolutionNode = FALSE
	EndGlobalSection
	GlobalSection(ExtensibilityGlobals) = postSolution
		SolutionGuid = {B824C5C5-FEA7-42F8-8B87-40B63B8997DE}
	EndGlobalSection
EndGlobal
